{
  "lockfileVersion": 1,
  "configVersion": 1,
  "workspaces": {
    "": {
      "name": "ui-keeper",
      "devDependencies": {
        "@types/node": "^26.5.1",
      },
    },
    "packages/cli": {
      "name": "@ui-keeper/cli",
      "version": "0.0.0",
      "dependencies": {
        "commander": "^15.0.0",
      },
      "devDependencies": {
        "@types/node": "^26.5.1",
      },
    },
    "packages/core": {
      "name": "@ui-keeper/core",
      "version": "0.0.0",
      "dependencies": {
        "typescript": "^5",
        "zod": "^4.6.4",
      },
    },
    "packages/local-mcp": {
      "name": "@ui-keeper/local-mcp",
      "version": "0.0.0",
      "bin": {
        "ui-keeper": "./src/index.ts",
      },
      "dependencies": {
        "@ui-keeper/core": "workspace:*",
      },
    },
  },
  "packages": {
    "@types/node": ["@types/node@26.5.1", "", { "dependencies": { "undici-types": "~8.9.0" } }, "sha512-CzNm2FezW4VR/LjG6yUdiEgLE/rAQ9Slj5gCu/C2VrdcW7I0ahNZ8DRbHT7zOZ6r3ONgd/bsQIeSaoDGrd1C6g=="],

    "@ui-keeper/cli": ["@ui-keeper/cli@workspace:packages/cli"],

    "@ui-keeper/core": ["@ui-keeper/core@workspace:packages/core"],

    "@ui-keeper/local-mcp": ["@ui-keeper/local-mcp@workspace:packages/local-mcp"],

    "commander": ["commander@15.0.0", "", {}, "sha512-z67u4ZhzCL/Tydu1lJARtEZYWbWaN7oYLHbsuzocr6y4N6WZAagG3RQ4FW61V1/0+jImpj293XfrcYnd1qxtPg=="],

    "typescript": ["typescript@5.9.3", "", { "bin": { "tsc": "bin/tsc", "tsserver": "bin/tsserver" } }, "sha512-jl1vZzPDinLr9eUt3J/t7V6FgNEw9QjvBPdysz9KfQDD41fQrC2Y4vKQdiaUpFT4bXlb1RHhLpp8wtm6M5TgSw=="],

    "undici-types": ["undici-types@8.9.0", "", {}, "sha512-KTDyRTYX8sWmKXAikPHHSyc63CRPETMctyjKFupcC6OBLXT3xsN0e9aF7m+mIXutFWpUXuedtowG7iLOzp0kQg=="],

    "zod": ["zod@4.6.4", "", {}, "sha512-AXSD6hvGdvRjajG/l1cC+d6IrhH+sjmPKtYeQdJIK8MFJl3LyClzS+o/YsVC+zQZPupAaeH5skwwm8YqYH7BqA=="],
  }
}
